
Microsoft Visual Studio Solution File, Format Version 12.00
# Visual Studio Version 17
VisualStudioVersion = 17.14.36518.9 d17.14
MinimumVisualStudioVersion = 10.0.40219.1
Project("{FAE04EC0-301F-11D3-BF4B-00C04F79EFBC}") = "Cargo-Shipping-DSA", "Cargo-Shipping-DSA\Cargo-Shipping-DSA.csproj", "{7E5EF2EE-A322-42C2-83E7-4131292522B2}"
EndProject
Global
	GlobalSection(SolutionConfigurationPlatforms) = preSolution
		Debug|Any CPU = Debug|Any CPU
		Release|Any CPU = Release|Any CPU
	EndGlobalSection
	GlobalSection(ProjectConfigurationPlatforms) = postSolution
		{7E5EF2EE-A322-42C2-83E7-4131292522B2}.Debug|Any CPU.ActiveCfg = Debug|Any CPU
		{7E5EF2EE-A322-42C2-83E7-4131292522B2}.Debug|Any CPU.Build.0 = Debug|Any CPU
		{7E5EF2EE-A322-42C2-83E7-4131292522B2}.Release|Any CPU.ActiveCfg = Release|Any CPU
		{7E5EF2EE-A322-42C2-83E7-4131292522B2}.Release|Any CPU.Build.0 = Release|Any CPU
	EndGlobalSection
	GlobalSection(SolutionProperties) = preSolution
		HideSolutionNode = FALSE
	EndGlobalSection
	GlobalSection(ExtensibilityGlobals) = postSolution
		SolutionGuid = {D3DCE66C-99E7-4F26-B9C6-0A0AB74E0BE5}
	EndGlobalSection
EndGlobal
